
Microsoft Visual Studio Solution File, Format Version 11.00
# Visual Studio 2010
Project("{FAE04EC0-301F-11D3-BF4B-00C04F79EFBC}") = "Assembly-CSharp", "Assembly-CSharp.csproj", "{725aebe7-7450-41f7-eef1-8811a81c8d46}"
EndProject
Project("{FAE04EC0-301F-11D3-BF4B-00C04F79EFBC}") = "Assembly-CSharp-Editor", "Assembly-CSharp-Editor.csproj", "{4f34e22d-5fbc-5a54-b844-b920d1a0b4ad}"
EndProject
Global
	GlobalSection(SolutionConfigurationPlatforms) = preSolution
		Debug|Any CPU = Debug|Any CPU
		Release|Any CPU = Release|Any CPU
	EndGlobalSection
	GlobalSection(ProjectConfigurationPlatforms) = postSolution
		{725aebe7-7450-41f7-eef1-8811a81c8d46}.Debug|Any CPU.ActiveCfg = Debug|Any CPU
		{725aebe7-7450-41f7-eef1-8811a81c8d46}.Debug|Any CPU.Build.0 = Debug|Any CPU
		{725aebe7-7450-41f7-eef1-8811a81c8d46}.Release|Any CPU.ActiveCfg = Release|Any CPU
		{725aebe7-7450-41f7-eef1-8811a81c8d46}.Release|Any CPU.Build.0 = Release|Any CPU
		{4f34e22d-5fbc-5a54-b844-b920d1a0b4ad}.Debug|Any CPU.ActiveCfg = Debug|Any CPU
		{4f34e22d-5fbc-5a54-b844-b920d1a0b4ad}.Debug|Any CPU.Build.0 = Debug|Any CPU
		{4f34e22d-5fbc-5a54-b844-b920d1a0b4ad}.Release|Any CPU.ActiveCfg = Release|Any CPU
		{4f34e22d-5fbc-5a54-b844-b920d1a0b4ad}.Release|Any CPU.Build.0 = Release|Any CPU
	EndGlobalSection
	GlobalSection(SolutionProperties) = preSolution
		HideSolutionNode = FALSE
	EndGlobalSection
EndGlobal
